
Microsoft Visual Studio Solution File, Format Version 12.00
# Visual Studio Version 17
VisualStudioVersion = 17.8.34322.80
MinimumVisualStudioVersion = 10.0.40219.1
Project("{FAE04EC0-301F-11D3-BF4B-00C04F79EFBC}") = "ApiCatalogoNet8", "ApiCatalogoNet8\ApiCatalogoNet8.csproj", "{01A31840-0909-4185-AF3A-4C460B11DB21}"
EndProject
Global
	GlobalSection(SolutionConfigurationPlatforms) = preSolution
		Debug|Any CPU = Debug|Any CPU
		Release|Any CPU = Release|Any CPU
	EndGlobalSection
	GlobalSection(ProjectConfigurationPlatforms) = postSolution
		{01A31840-0909-4185-AF3A-4C460B11DB21}.Debug|Any CPU.ActiveCfg = Debug|Any CPU
		{01A31840-0909-4185-AF3A-4C460B11DB21}.Debug|Any CPU.Build.0 = Debug|Any CPU
		{01A31840-0909-4185-AF3A-4C460B11DB21}.Release|Any CPU.ActiveCfg = Release|Any CPU
		{01A31840-0909-4185-AF3A-4C460B11DB21}.Release|Any CPU.Build.0 = Release|Any CPU
	EndGlobalSection
	GlobalSection(SolutionProperties) = preSolution
		HideSolutionNode = FALSE
	EndGlobalSection
	GlobalSection(ExtensibilityGlobals) = postSolution
		SolutionGuid = {94D808C4-3BBA-43A8-91DA-86C92D6CA9F7}
	EndGlobalSection
EndGlobal
